
Microsoft Visual Studio Solution File, Format Version 12.00
# Visual Studio Version 17
VisualStudioVersion = 17.11.35327.3
MinimumVisualStudioVersion = 10.0.40219.1
Project("{8BC9CEB8-8B4A-11D0-8D11-00A0C91BC942}") = "lab_13_1", "lab_13_1.vcxproj", "{9136094F-49B3-4B04-994B-22AB1969E252}"
EndProject
Global
	GlobalSection(SolutionConfigurationPlatforms) = preSolution
		Debug|x64 = Debug|x64
		Debug|x86 = Debug|x86
		Release|x64 = Release|x64
		Release|x86 = Release|x86
	EndGlobalSection
	GlobalSection(ProjectConfigurationPlatforms) = postSolution
		{9136094F-49B3-4B04-994B-22AB1969E252}.Debug|x64.ActiveCfg = Debug|x64
		{9136094F-49B3-4B04-994B-22AB1969E252}.Debug|x64.Build.0 = Debug|x64
		{9136094F-49B3-4B04-994B-22AB1969E252}.Debug|x86.ActiveCfg = Debug|Win32
		{9136094F-49B3-4B04-994B-22AB1969E252}.Debug|x86.Build.0 = Debug|Win32
		{9136094F-49B3-4B04-994B-22AB1969E252}.Release|x64.ActiveCfg = Release|x64
		{9136094F-49B3-4B04-994B-22AB1969E252}.Release|x64.Build.0 = Release|x64
		{9136094F-49B3-4B04-994B-22AB1969E252}.Release|x86.ActiveCfg = Release|Win32
		{9136094F-49B3-4B04-994B-22AB1969E252}.Release|x86.Build.0 = Release|Win32
	EndGlobalSection
	GlobalSection(SolutionProperties) = preSolution
		HideSolutionNode = FALSE
	EndGlobalSection
	GlobalSection(ExtensibilityGlobals) = postSolution
		SolutionGuid = {949ECEFB-7790-4A1F-910B-02650FC2EF72}
	EndGlobalSection
EndGlobal
