
Microsoft Visual Studio Solution File, Format Version 12.00
# Visual Studio Version 17
VisualStudioVersion = 17.11.35327.3
MinimumVisualStudioVersion = 10.0.40219.1
Project("{8BC9CEB8-8B4A-11D0-8D11-00A0C91BC942}") = "linear_search", "linear_search.vcxproj", "{C644B148-201A-4B53-AE3C-A7A93C5967B1}"
EndProject
Global
	GlobalSection(SolutionConfigurationPlatforms) = preSolution
		Debug|x64 = Debug|x64
		Debug|x86 = Debug|x86
		Release|x64 = Release|x64
		Release|x86 = Release|x86
	EndGlobalSection
	GlobalSection(ProjectConfigurationPlatforms) = postSolution
		{C644B148-201A-4B53-AE3C-A7A93C5967B1}.Debug|x64.ActiveCfg = Debug|x64
		{C644B148-201A-4B53-AE3C-A7A93C5967B1}.Debug|x64.Build.0 = Debug|x64
		{C644B148-201A-4B53-AE3C-A7A93C5967B1}.Debug|x86.ActiveCfg = Debug|Win32
		{C644B148-201A-4B53-AE3C-A7A93C5967B1}.Debug|x86.Build.0 = Debug|Win32
		{C644B148-201A-4B53-AE3C-A7A93C5967B1}.Release|x64.ActiveCfg = Release|x64
		{C644B148-201A-4B53-AE3C-A7A93C5967B1}.Release|x64.Build.0 = Release|x64
		{C644B148-201A-4B53-AE3C-A7A93C5967B1}.Release|x86.ActiveCfg = Release|Win32
		{C644B148-201A-4B53-AE3C-A7A93C5967B1}.Release|x86.Build.0 = Release|Win32
	EndGlobalSection
	GlobalSection(SolutionProperties) = preSolution
		HideSolutionNode = FALSE
	EndGlobalSection
	GlobalSection(ExtensibilityGlobals) = postSolution
		SolutionGuid = {D4295DE5-CAFB-4CCF-8B1C-6A399EDB97B4}
	EndGlobalSection
EndGlobal
