
Microsoft Visual Studio Solution File, Format Version 12.00
# Visual Studio Version 17
VisualStudioVersion = 17.11.35327.3
MinimumVisualStudioVersion = 10.0.40219.1
Project("{8BC9CEB8-8B4A-11D0-8D11-00A0C91BC942}") = "Сумма ряда", "Сумма ряда.vcxproj", "{AAB29F95-229A-43DD-894F-F7C00849C07E}"
EndProject
Global
	GlobalSection(SolutionConfigurationPlatforms) = preSolution
		Debug|x64 = Debug|x64
		Debug|x86 = Debug|x86
		Release|x64 = Release|x64
		Release|x86 = Release|x86
	EndGlobalSection
	GlobalSection(ProjectConfigurationPlatforms) = postSolution
		{AAB29F95-229A-43DD-894F-F7C00849C07E}.Debug|x64.ActiveCfg = Debug|x64
		{AAB29F95-229A-43DD-894F-F7C00849C07E}.Debug|x64.Build.0 = Debug|x64
		{AAB29F95-229A-43DD-894F-F7C00849C07E}.Debug|x86.ActiveCfg = Debug|Win32
		{AAB29F95-229A-43DD-894F-F7C00849C07E}.Debug|x86.Build.0 = Debug|Win32
		{AAB29F95-229A-43DD-894F-F7C00849C07E}.Release|x64.ActiveCfg = Release|x64
		{AAB29F95-229A-43DD-894F-F7C00849C07E}.Release|x64.Build.0 = Release|x64
		{AAB29F95-229A-43DD-894F-F7C00849C07E}.Release|x86.ActiveCfg = Release|Win32
		{AAB29F95-229A-43DD-894F-F7C00849C07E}.Release|x86.Build.0 = Release|Win32
	EndGlobalSection
	GlobalSection(SolutionProperties) = preSolution
		HideSolutionNode = FALSE
	EndGlobalSection
	GlobalSection(ExtensibilityGlobals) = postSolution
		SolutionGuid = {75867ED3-498A-4A9F-A8B9-9C812321C6A6}
	EndGlobalSection
EndGlobal
