
Microsoft Visual Studio Solution File, Format Version 12.00
# Visual Studio Version 17
VisualStudioVersion = 17.11.35327.3
MinimumVisualStudioVersion = 10.0.40219.1
Project("{8BC9CEB8-8B4A-11D0-8D11-00A0C91BC942}") = "Скобки_стек", "Скобки_стек.vcxproj", "{A61FD037-BB6A-4B1F-BC7C-6C364A68DFDA}"
EndProject
Global
	GlobalSection(SolutionConfigurationPlatforms) = preSolution
		Debug|x64 = Debug|x64
		Debug|x86 = Debug|x86
		Release|x64 = Release|x64
		Release|x86 = Release|x86
	EndGlobalSection
	GlobalSection(ProjectConfigurationPlatforms) = postSolution
		{A61FD037-BB6A-4B1F-BC7C-6C364A68DFDA}.Debug|x64.ActiveCfg = Debug|x64
		{A61FD037-BB6A-4B1F-BC7C-6C364A68DFDA}.Debug|x64.Build.0 = Debug|x64
		{A61FD037-BB6A-4B1F-BC7C-6C364A68DFDA}.Debug|x86.ActiveCfg = Debug|Win32
		{A61FD037-BB6A-4B1F-BC7C-6C364A68DFDA}.Debug|x86.Build.0 = Debug|Win32
		{A61FD037-BB6A-4B1F-BC7C-6C364A68DFDA}.Release|x64.ActiveCfg = Release|x64
		{A61FD037-BB6A-4B1F-BC7C-6C364A68DFDA}.Release|x64.Build.0 = Release|x64
		{A61FD037-BB6A-4B1F-BC7C-6C364A68DFDA}.Release|x86.ActiveCfg = Release|Win32
		{A61FD037-BB6A-4B1F-BC7C-6C364A68DFDA}.Release|x86.Build.0 = Release|Win32
	EndGlobalSection
	GlobalSection(SolutionProperties) = preSolution
		HideSolutionNode = FALSE
	EndGlobalSection
	GlobalSection(ExtensibilityGlobals) = postSolution
		SolutionGuid = {081AFD5D-9096-4989-876E-37643A07D998}
	EndGlobalSection
EndGlobal
